PODS:
  - FileDownloadingCenter (1.1.0):
    - ReachabilitySwift (~> 5.0)
  - ReachabilitySwift (5.0.0)

DEPENDENCIES:
  - FileDownloadingCenter (from `../`)

SPEC REPOS:
  trunk:
    - ReachabilitySwift

EXTERNAL SOURCES:
  FileDownloadingCenter:
    :path: "../"

SPEC CHECKSUMS:
  FileDownloadingCenter: f9dca0b844f14a7886ed67dd8372f88e92a22265
  ReachabilitySwift: 985039c6f7b23a1da463388634119492ff86c825

PODFILE CHECKSUM: e8ba1119be1f028d80bc5bddaeefb789597029a0

COCOAPODS: 1.8.3
