PODS:
  - FileDownloadingCenter (1.1.4)
  - ReachabilitySwift (5.0.0)

DEPENDENCIES:
  - FileDownloadingCenter (from `../`)
  - ReachabilitySwift (~> 5.0)

SPEC REPOS:
  trunk:
    - ReachabilitySwift

EXTERNAL SOURCES:
  FileDownloadingCenter:
    :path: "../"

SPEC CHECKSUMS:
  FileDownloadingCenter: 7eb754c1f9b47f203e4539ab54cded5562fe4a7c
  ReachabilitySwift: 985039c6f7b23a1da463388634119492ff86c825

PODFILE CHECKSUM: c957ad9504adcf9fa2f52fe3ea1e538970a89dd3

COCOAPODS: 1.8.3
